
Microsoft Visual Studio Solution File, Format Version 12.00
# Visual Studio Version 17
VisualStudioVersion = 17.0.31912.275
MinimumVisualStudioVersion = 10.0.40219.1
Project("{FAE04EC0-301F-11D3-BF4B-00C04F79EFBC}") = "app_web_backend_notfy", "app_web_backend_notfy\app_web_backend_notfy.csproj", "{443ACC06-0128-4FE1-A020-8968CFA38C93}"
EndProject
Global
	GlobalSection(SolutionConfigurationPlatforms) = preSolution
		Debug|Any CPU = Debug|Any CPU
		Release|Any CPU = Release|Any CPU
	EndGlobalSection
	GlobalSection(ProjectConfigurationPlatforms) = postSolution
		{443ACC06-0128-4FE1-A020-8968CFA38C93}.Debug|Any CPU.ActiveCfg = Debug|Any CPU
		{443ACC06-0128-4FE1-A020-8968CFA38C93}.Debug|Any CPU.Build.0 = Debug|Any CPU
		{443ACC06-0128-4FE1-A020-8968CFA38C93}.Release|Any CPU.ActiveCfg = Release|Any CPU
		{443ACC06-0128-4FE1-A020-8968CFA38C93}.Release|Any CPU.Build.0 = Release|Any CPU
	EndGlobalSection
	GlobalSection(SolutionProperties) = preSolution
		HideSolutionNode = FALSE
	EndGlobalSection
	GlobalSection(ExtensibilityGlobals) = postSolution
		SolutionGuid = {96271791-8D72-4E45-A073-03D65F8734A2}
	EndGlobalSection
EndGlobal
